
Microsoft Visual Studio Solution File, Format Version 12.00
Project("{FAE04EC0-301F-11D3-BF4B-00C04F79EFBC}") = "Lab1", "Lab1\Lab1.csproj", "{1F488A81-5434-4E98-87B0-F175E9BEF572}"
EndProject
Project("{FAE04EC0-301F-11D3-BF4B-00C04F79EFBC}") = "Lab2", "Lab2\Lab2.csproj", "{3DE0CE32-3D4D-4655-A386-3B62A6056BD2}"
EndProject
Project("{FAE04EC0-301F-11D3-BF4B-00C04F79EFBC}") = "Lab3", "Lab3\Lab3.csproj", "{EA136A66-7284-4BAE-B816-F492783B610B}"
EndProject
Project("{FAE04EC0-301F-11D3-BF4B-00C04F79EFBC}") = "Lab4", "Lab4\Lab4.csproj", "{A5572864-1025-481F-AA2A-B8E6FD8FEC49}"
EndProject
Project("{FAE04EC0-301F-11D3-BF4B-00C04F79EFBC}") = "Lab5", "Lab5\Lab5.csproj", "{9703CE97-4A91-4CFE-8483-5F265A405812}"
EndProject
Project("{FAE04EC0-301F-11D3-BF4B-00C04F79EFBC}") = "Lab6", "Lab6\Lab6.csproj", "{C93C4B6C-1C7F-4457-89F2-CA7FC761CD20}"
EndProject
Project("{FAE04EC0-301F-11D3-BF4B-00C04F79EFBC}") = "Lab7", "Lab7\Lab7.csproj", "{480A07DB-D3AB-4353-9268-59EC59E21DBE}"
EndProject
Project("{FAE04EC0-301F-11D3-BF4B-00C04F79EFBC}") = "Lab8", "Lab8\Lab8.csproj", "{49639691-251C-4EBC-882F-C5F4F6494737}"
EndProject
Project("{FAE04EC0-301F-11D3-BF4B-00C04F79EFBC}") = "Lab9", "Lab9\Lab9.csproj", "{4F9ACE29-0ECB-48C3-A3AF-C90257364D9E}"
EndProject
Project("{FAE04EC0-301F-11D3-BF4B-00C04F79EFBC}") = "Lab10", "Lab10\Lab10.csproj", "{9DE9524C-33BF-4552-B826-229946F4D21C}"
EndProject
Project("{FAE04EC0-301F-11D3-BF4B-00C04F79EFBC}") = "Lab11", "Lab11\Lab11.csproj", "{FCE34C7F-A7C9-4BDC-8BD4-CA2EE40BC2E5}"
EndProject
Global
	GlobalSection(SolutionConfigurationPlatforms) = preSolution
		Debug|Any CPU = Debug|Any CPU
		Release|Any CPU = Release|Any CPU
	EndGlobalSection
	GlobalSection(ProjectConfigurationPlatforms) = postSolution
		{1F488A81-5434-4E98-87B0-F175E9BEF572}.Debug|Any CPU.ActiveCfg = Debug|Any CPU
		{1F488A81-5434-4E98-87B0-F175E9BEF572}.Debug|Any CPU.Build.0 = Debug|Any CPU
		{1F488A81-5434-4E98-87B0-F175E9BEF572}.Release|Any CPU.ActiveCfg = Release|Any CPU
		{1F488A81-5434-4E98-87B0-F175E9BEF572}.Release|Any CPU.Build.0 = Release|Any CPU
		{3DE0CE32-3D4D-4655-A386-3B62A6056BD2}.Debug|Any CPU.ActiveCfg = Debug|Any CPU
		{3DE0CE32-3D4D-4655-A386-3B62A6056BD2}.Debug|Any CPU.Build.0 = Debug|Any CPU
		{3DE0CE32-3D4D-4655-A386-3B62A6056BD2}.Release|Any CPU.ActiveCfg = Release|Any CPU
		{3DE0CE32-3D4D-4655-A386-3B62A6056BD2}.Release|Any CPU.Build.0 = Release|Any CPU
		{EA136A66-7284-4BAE-B816-F492783B610B}.Debug|Any CPU.ActiveCfg = Debug|Any CPU
		{EA136A66-7284-4BAE-B816-F492783B610B}.Debug|Any CPU.Build.0 = Debug|Any CPU
		{EA136A66-7284-4BAE-B816-F492783B610B}.Release|Any CPU.ActiveCfg = Release|Any CPU
		{EA136A66-7284-4BAE-B816-F492783B610B}.Release|Any CPU.Build.0 = Release|Any CPU
		{A5572864-1025-481F-AA2A-B8E6FD8FEC49}.Debug|Any CPU.ActiveCfg = Debug|Any CPU
		{A5572864-1025-481F-AA2A-B8E6FD8FEC49}.Debug|Any CPU.Build.0 = Debug|Any CPU
		{A5572864-1025-481F-AA2A-B8E6FD8FEC49}.Release|Any CPU.ActiveCfg = Release|Any CPU
		{A5572864-1025-481F-AA2A-B8E6FD8FEC49}.Release|Any CPU.Build.0 = Release|Any CPU
		{9703CE97-4A91-4CFE-8483-5F265A405812}.Debug|Any CPU.ActiveCfg = Debug|Any CPU
		{9703CE97-4A91-4CFE-8483-5F265A405812}.Debug|Any CPU.Build.0 = Debug|Any CPU
		{9703CE97-4A91-4CFE-8483-5F265A405812}.Release|Any CPU.ActiveCfg = Release|Any CPU
		{9703CE97-4A91-4CFE-8483-5F265A405812}.Release|Any CPU.Build.0 = Release|Any CPU
		{C93C4B6C-1C7F-4457-89F2-CA7FC761CD20}.Debug|Any CPU.ActiveCfg = Debug|Any CPU
		{C93C4B6C-1C7F-4457-89F2-CA7FC761CD20}.Debug|Any CPU.Build.0 = Debug|Any CPU
		{C93C4B6C-1C7F-4457-89F2-CA7FC761CD20}.Release|Any CPU.ActiveCfg = Release|Any CPU
		{C93C4B6C-1C7F-4457-89F2-CA7FC761CD20}.Release|Any CPU.Build.0 = Release|Any CPU
		{480A07DB-D3AB-4353-9268-59EC59E21DBE}.Debug|Any CPU.ActiveCfg = Debug|Any CPU
		{480A07DB-D3AB-4353-9268-59EC59E21DBE}.Debug|Any CPU.Build.0 = Debug|Any CPU
		{480A07DB-D3AB-4353-9268-59EC59E21DBE}.Release|Any CPU.ActiveCfg = Release|Any CPU
		{480A07DB-D3AB-4353-9268-59EC59E21DBE}.Release|Any CPU.Build.0 = Release|Any CPU
		{49639691-251C-4EBC-882F-C5F4F6494737}.Debug|Any CPU.ActiveCfg = Debug|Any CPU
		{49639691-251C-4EBC-882F-C5F4F6494737}.Debug|Any CPU.Build.0 = Debug|Any CPU
		{49639691-251C-4EBC-882F-C5F4F6494737}.Release|Any CPU.ActiveCfg = Release|Any CPU
		{49639691-251C-4EBC-882F-C5F4F6494737}.Release|Any CPU.Build.0 = Release|Any CPU
		{4F9ACE29-0ECB-48C3-A3AF-C90257364D9E}.Debug|Any CPU.ActiveCfg = Debug|Any CPU
		{4F9ACE29-0ECB-48C3-A3AF-C90257364D9E}.Debug|Any CPU.Build.0 = Debug|Any CPU
		{4F9ACE29-0ECB-48C3-A3AF-C90257364D9E}.Release|Any CPU.ActiveCfg = Release|Any CPU
		{4F9ACE29-0ECB-48C3-A3AF-C90257364D9E}.Release|Any CPU.Build.0 = Release|Any CPU
		{9DE9524C-33BF-4552-B826-229946F4D21C}.Debug|Any CPU.ActiveCfg = Debug|Any CPU
		{9DE9524C-33BF-4552-B826-229946F4D21C}.Debug|Any CPU.Build.0 = Debug|Any CPU
		{9DE9524C-33BF-4552-B826-229946F4D21C}.Release|Any CPU.ActiveCfg = Release|Any CPU
		{9DE9524C-33BF-4552-B826-229946F4D21C}.Release|Any CPU.Build.0 = Release|Any CPU
		{FCE34C7F-A7C9-4BDC-8BD4-CA2EE40BC2E5}.Debug|Any CPU.ActiveCfg = Debug|Any CPU
		{FCE34C7F-A7C9-4BDC-8BD4-CA2EE40BC2E5}.Debug|Any CPU.Build.0 = Debug|Any CPU
		{FCE34C7F-A7C9-4BDC-8BD4-CA2EE40BC2E5}.Release|Any CPU.ActiveCfg = Release|Any CPU
		{FCE34C7F-A7C9-4BDC-8BD4-CA2EE40BC2E5}.Release|Any CPU.Build.0 = Release|Any CPU
	EndGlobalSection
EndGlobal
